{
    "name": "UI5_Template_Generator",
    "version": "0.2.0",
    "lockfileVersion": 1,
    "requires": true,
    "dependencies": {
        "reveal.js-notes-pointer": {
            "version": "0.1.4",
            "resolved": "https://registry.npmjs.org/reveal.js-notes-pointer/-/reveal.js-notes-pointer-0.1.4.tgz",
            "integrity": "sha512-eN0wkoghzxML6ZaLbaFhtgX4NbeT1/ig3bsgrxah72bwYUAyrsrGDxEQqGM9WsUFvOc8E6sa2hkuwEdKKCPSeA=="
        }
    }
}
